// !$*UTF8*$!
{
	archiveVersion = 1;
	classes = {
	};
	objectVersion = 56;
	objects = {

/* Begin PBXBuildFile section */
		2778E6C32AF25C0100895000 /* CoffeeOrderingAppApp.swift in Sources */ = {isa = PBXBuildFile; fileRef = 2778E6C22AF25C0100895000 /* CoffeeOrderingAppApp.swift */; };
		2778E6C52AF25C0100895000 /* ContentView.swift in Sources */ = {isa = PBXBuildFile; fileRef = 2778E6C42AF25C0100895000 /* ContentView.swift */; };
		2778E6CA2AF25C0300895000 /* Preview Assets.xcassets in Resources */ = {isa = PBXBuildFile; fileRef = 2778E6C92AF25C0300895000 /* Preview Assets.xcassets */; };
		2778E6D42AF25C0400895000 /* CoffeeOrderingAppTests.swift in Sources */ = {isa = PBXBuildFile; fileRef = 2778E6D32AF25C0400895000 /* CoffeeOrderingAppTests.swift */; };
		2778E6DE2AF25C0400895000 /* CoffeeOrderingAppUITests.swift in Sources */ = {isa = PBXBuildFile; fileRef = 2778E6DD2AF25C0400895000 /* CoffeeOrderingAppUITests.swift */; };
		2778E6E02AF25C0400895000 /* CoffeeOrderingAppUITestsLaunchTests.swift in Sources */ = {isa = PBXBuildFile; fileRef = 2778E6DF2AF25C0400895000 /* CoffeeOrderingAppUITestsLaunchTests.swift */; };
		2778E6EF2AF25DC000895000 /* Coffee.swift in Sources */ = {isa = PBXBuildFile; fileRef = 2778E6EE2AF25DC000895000 /* Coffee.swift */; };
		2778E6F12AF2607B00895000 /* Assets.xcassets in Resources */ = {isa = PBXBuildFile; fileRef = 2778E6F02AF2607B00895000 /* Assets.xcassets */; };
		2778E6F32AF2637200895000 /* Order.swift in Sources */ = {isa = PBXBuildFile; fileRef = 2778E6F22AF2637200895000 /* Order.swift */; };
		2778E6F52AF266F000895000 /* WebService.swift in Sources */ = {isa = PBXBuildFile; fileRef = 2778E6F42AF266F000895000 /* WebService.swift */; };
		2778E6F82AF2770100895000 /* OrderListViewModel.swift in Sources */ = {isa = PBXBuildFile; fileRef = 2778E6F72AF2770100895000 /* OrderListViewModel.swift */; };
		2778E6FB2AF2C0AF00895000 /* OrderListView.swift in Sources */ = {isa = PBXBuildFile; fileRef = 2778E6FA2AF2C0AF00895000 /* OrderListView.swift */; };
		2778E6FD2AF3AD3C00895000 /* CreateOrderResponse.swift in Sources */ = {isa = PBXBuildFile; fileRef = 2778E6FC2AF3AD3C00895000 /* CreateOrderResponse.swift */; };
		2778E6FF2AF3B1AD00895000 /* AddCoffeeOrderViewModel.swift in Sources */ = {isa = PBXBuildFile; fileRef = 2778E6FE2AF3B1AD00895000 /* AddCoffeeOrderViewModel.swift */; };
		2778E7012AF3B4EA00895000 /* CoffeeViewModel.swift in Sources */ = {isa = PBXBuildFile; fileRef = 2778E7002AF3B4EA00895000 /* CoffeeViewModel.swift */; };
		2778E7032AF3BE7700895000 /* AddCoffeeView.swift in Sources */ = {isa = PBXBuildFile; fileRef = 2778E7022AF3BE7700895000 /* AddCoffeeView.swift */; };
		278448DC2AF7F6BD00814E45 /* OrderTotalView.swift in Sources */ = {isa = PBXBuildFile; fileRef = 278448DB2AF7F6BD00814E45 /* OrderTotalView.swift */; };
/* End PBXBuildFile section */

/* Begin PBXContainerItemProxy section */
		2778E6D02AF25C0400895000 /* PBXContainerItemProxy */ = {
			isa = PBXContainerItemProxy;
			containerPortal = 2778E6B72AF25C0100895000 /* Project object */;
			proxyType = 1;
			remoteGlobalIDString = 2778E6BE2AF25C0100895000;
			remoteInfo = CoffeeOrderingApp;
		};
		2778E6DA2AF25C0400895000 /* PBXContainerItemProxy */ = {
			isa = PBXContainerItemProxy;
			containerPortal = 2778E6B72AF25C0100895000 /* Project object */;
			proxyType = 1;
			remoteGlobalIDString = 2778E6BE2AF25C0100895000;
			remoteInfo = CoffeeOrderingApp;
		};
/* End PBXContainerItemProxy section */

/* Begin PBXFileReference section */
		2778E6BF2AF25C0100895000 /* CoffeeOrderingApp.app */ = {isa = PBXFileReference; explicitFileType = wrapper.application; includeInIndex = 0; path = CoffeeOrderingApp.app; sourceTree = BUILT_PRODUCTS_DIR; };
		2778E6C22AF25C0100895000 /* CoffeeOrderingAppApp.swift */ = {isa = PBXFileReference; lastKnownFileType = sourcecode.swift; path = CoffeeOrderingAppApp.swift; sourceTree = "<group>"; };
		2778E6C42AF25C0100895000 /* ContentView.swift */ = {isa = PBXFileReference; lastKnownFileType = sourcecode.swift; path = ContentView.swift; sourceTree = "<group>"; };
		2778E6C92AF25C0300895000 /* Preview Assets.xcassets */ = {isa = PBXFileReference; lastKnownFileType = folder.assetcatalog; path = "Preview Assets.xcassets"; sourceTree = "<group>"; };
		2778E6CF2AF25C0400895000 /* CoffeeOrderingAppTests.xctest */ = {isa = PBXFileReference; explicitFileType = wrapper.cfbundle; includeInIndex = 0; path = CoffeeOrderingAppTests.xctest; sourceTree = BUILT_PRODUCTS_DIR; };
		2778E6D32AF25C0400895000 /* CoffeeOrderingAppTests.swift */ = {isa = PBXFileReference; lastKnownFileType = sourcecode.swift; path = CoffeeOrderingAppTests.swift; sourceTree = "<group>"; };
		2778E6D92AF25C0400895000 /* CoffeeOrderingAppUITests.xctest */ = {isa = PBXFileReference; explicitFileType = wrapper.cfbundle; includeInIndex = 0; path = CoffeeOrderingAppUITests.xctest; sourceTree = BUILT_PRODUCTS_DIR; };
		2778E6DD2AF25C0400895000 /* CoffeeOrderingAppUITests.swift */ = {isa = PBXFileReference; lastKnownFileType = sourcecode.swift; path = CoffeeOrderingAppUITests.swift; sourceTree = "<group>"; };
		2778E6DF2AF25C0400895000 /* CoffeeOrderingAppUITestsLaunchTests.swift */ = {isa = PBXFileReference; lastKnownFileType = sourcecode.swift; path = CoffeeOrderingAppUITestsLaunchTests.swift; sourceTree = "<group>"; };
		2778E6EE2AF25DC000895000 /* Coffee.swift */ = {isa = PBXFileReference; lastKnownFileType = sourcecode.swift; path = Coffee.swift; sourceTree = "<group>"; };
		2778E6F02AF2607B00895000 /* Assets.xcassets */ = {isa = PBXFileReference; lastKnownFileType = folder.assetcatalog; name = Assets.xcassets; path = "../../../../Downloads/CoffeeOrderingApp 2/CoffeeOrderingApp/Assets.xcassets"; sourceTree = "<group>"; };
		2778E6F22AF2637200895000 /* Order.swift */ = {isa = PBXFileReference; lastKnownFileType = sourcecode.swift; path = Order.swift; sourceTree = "<group>"; };
		2778E6F42AF266F000895000 /* WebService.swift */ = {isa = PBXFileReference; lastKnownFileType = sourcecode.swift; path = WebService.swift; sourceTree = "<group>"; };
		2778E6F72AF2770100895000 /* OrderListViewModel.swift */ = {isa = PBXFileReference; lastKnownFileType = sourcecode.swift; path = OrderListViewModel.swift; sourceTree = "<group>"; };
		2778E6FA2AF2C0AF00895000 /* OrderListView.swift */ = {isa = PBXFileReference; lastKnownFileType = sourcecode.swift; path = OrderListView.swift; sourceTree = "<group>"; };
		2778E6FC2AF3AD3C00895000 /* CreateOrderResponse.swift */ = {isa = PBXFileReference; lastKnownFileType = sourcecode.swift; path = CreateOrderResponse.swift; sourceTree = "<group>"; };
		2778E6FE2AF3B1AD00895000 /* AddCoffeeOrderViewModel.swift */ = {isa = PBXFileReference; lastKnownFileType = sourcecode.swift; path = AddCoffeeOrderViewModel.swift; sourceTree = "<group>"; };
		2778E7002AF3B4EA00895000 /* CoffeeViewModel.swift */ = {isa = PBXFileReference; lastKnownFileType = sourcecode.swift; path = CoffeeViewModel.swift; sourceTree = "<group>"; };
		2778E7022AF3BE7700895000 /* AddCoffeeView.swift */ = {isa = PBXFileReference; lastKnownFileType = sourcecode.swift; path = AddCoffeeView.swift; sourceTree = "<group>"; };
		278448DB2AF7F6BD00814E45 /* OrderTotalView.swift */ = {isa = PBXFileReference; lastKnownFileType = sourcecode.swift; path = OrderTotalView.swift; sourceTree = "<group>"; };
/* End PBXFileReference section */

/* Begin PBXFrameworksBuildPhase section */
		2778E6BC2AF25C0100895000 /* Frameworks */ = {
			isa = PBXFrameworksBuildPhase;
			buildActionMask = 2147483647;
			files = (
			);
			runOnlyForDeploymentPostprocessing = 0;
		};
		2778E6CC2AF25C0400895000 /* Frameworks */ = {
			isa = PBXFrameworksBuildPhase;
			buildActionMask = 2147483647;
			files = (
			);
			runOnlyForDeploymentPostprocessing = 0;
		};
		2778E6D62AF25C0400895000 /* Frameworks */ = {
			isa = PBXFrameworksBuildPhase;
			buildActionMask = 2147483647;
			files = (
			);
			runOnlyForDeploymentPostprocessing = 0;
		};
/* End PBXFrameworksBuildPhase section */

/* Begin PBXGroup section */
		2778E6B62AF25C0100895000 = {
			isa = PBXGroup;
			children = (
				2778E6C12AF25C0100895000 /* CoffeeOrderingApp */,
				2778E6D22AF25C0400895000 /* CoffeeOrderingAppTests */,
				2778E6DC2AF25C0400895000 /* CoffeeOrderingAppUITests */,
				2778E6C02AF25C0100895000 /* Products */,
			);
			sourceTree = "<group>";
		};
		2778E6C02AF25C0100895000 /* Products */ = {
			isa = PBXGroup;
			children = (
				2778E6BF2AF25C0100895000 /* CoffeeOrderingApp.app */,
				2778E6CF2AF25C0400895000 /* CoffeeOrderingAppTests.xctest */,
				2778E6D92AF25C0400895000 /* CoffeeOrderingAppUITests.xctest */,
			);
			name = Products;
			sourceTree = "<group>";
		};
		2778E6C12AF25C0100895000 /* CoffeeOrderingApp */ = {
			isa = PBXGroup;
			children = (
				2778E6F92AF2C08100895000 /* Views */,
				2778E6F62AF273A800895000 /* View Models */,
				2778E6ED2AF25C1700895000 /* Services */,
				2778E6EC2AF25C0F00895000 /* Models */,
				2778E6C22AF25C0100895000 /* CoffeeOrderingAppApp.swift */,
				2778E6F02AF2607B00895000 /* Assets.xcassets */,
				2778E6C82AF25C0300895000 /* Preview Content */,
			);
			path = CoffeeOrderingApp;
			sourceTree = "<group>";
		};
		2778E6C82AF25C0300895000 /* Preview Content */ = {
			isa = PBXGroup;
			children = (
				2778E6C92AF25C0300895000 /* Preview Assets.xcassets */,
			);
			path = "Preview Content";
			sourceTree = "<group>";
		};
		2778E6D22AF25C0400895000 /* CoffeeOrderingAppTests */ = {
			isa = PBXGroup;
			children = (
				2778E6D32AF25C0400895000 /* CoffeeOrderingAppTests.swift */,
			);
			path = CoffeeOrderingAppTests;
			sourceTree = "<group>";
		};
		2778E6DC2AF25C0400895000 /* CoffeeOrderingAppUITests */ = {
			isa = PBXGroup;
			children = (
				2778E6DD2AF25C0400895000 /* CoffeeOrderingAppUITests.swift */,
				2778E6DF2AF25C0400895000 /* CoffeeOrderingAppUITestsLaunchTests.swift */,
			);
			path = CoffeeOrderingAppUITests;
			sourceTree = "<group>";
		};
		2778E6EC2AF25C0F00895000 /* Models */ = {
			isa = PBXGroup;
			children = (
				2778E6EE2AF25DC000895000 /* Coffee.swift */,
				2778E6F22AF2637200895000 /* Order.swift */,
				2778E6FC2AF3AD3C00895000 /* CreateOrderResponse.swift */,
			);
			path = Models;
			sourceTree = "<group>";
		};
		2778E6ED2AF25C1700895000 /* Services */ = {
			isa = PBXGroup;
			children = (
				2778E6F42AF266F000895000 /* WebService.swift */,
			);
			path = Services;
			sourceTree = "<group>";
		};
		2778E6F62AF273A800895000 /* View Models */ = {
			isa = PBXGroup;
			children = (
				2778E6F72AF2770100895000 /* OrderListViewModel.swift */,
				2778E6FE2AF3B1AD00895000 /* AddCoffeeOrderViewModel.swift */,
				2778E7002AF3B4EA00895000 /* CoffeeViewModel.swift */,
			);
			path = "View Models";
			sourceTree = "<group>";
		};
		2778E6F92AF2C08100895000 /* Views */ = {
			isa = PBXGroup;
			children = (
				2778E6C42AF25C0100895000 /* ContentView.swift */,
				2778E6FA2AF2C0AF00895000 /* OrderListView.swift */,
				2778E7022AF3BE7700895000 /* AddCoffeeView.swift */,
				278448DB2AF7F6BD00814E45 /* OrderTotalView.swift */,
			);
			path = Views;
			sourceTree = "<group>";
		};
/* End PBXGroup section */

/* Begin PBXNativeTarget section */
		2778E6BE2AF25C0100895000 /* CoffeeOrderingApp */ = {
			isa = PBXNativeTarget;
			buildConfigurationList = 2778E6E32AF25C0400895000 /* Build configuration list for PBXNativeTarget "CoffeeOrderingApp" */;
			buildPhases = (
				2778E6BB2AF25C0100895000 /* Sources */,
				2778E6BC2AF25C0100895000 /* Frameworks */,
				2778E6BD2AF25C0100895000 /* Resources */,
			);
			buildRules = (
			);
			dependencies = (
			);
			name = CoffeeOrderingApp;
			productName = CoffeeOrderingApp;
			productReference = 2778E6BF2AF25C0100895000 /* CoffeeOrderingApp.app */;
			productType = "com.apple.product-type.application";
		};
		2778E6CE2AF25C0400895000 /* CoffeeOrderingAppTests */ = {
			isa = PBXNativeTarget;
			buildConfigurationList = 2778E6E62AF25C0400895000 /* Build configuration list for PBXNativeTarget "CoffeeOrderingAppTests" */;
			buildPhases = (
				2778E6CB2AF25C0400895000 /* Sources */,
				2778E6CC2AF25C0400895000 /* Frameworks */,
				2778E6CD2AF25C0400895000 /* Resources */,
			);
			buildRules = (
			);
			dependencies = (
				2778E6D12AF25C0400895000 /* PBXTargetDependency */,
			);
			name = CoffeeOrderingAppTests;
			productName = CoffeeOrderingAppTests;
			productReference = 2778E6CF2AF25C0400895000 /* CoffeeOrderingAppTests.xctest */;
			productType = "com.apple.product-type.bundle.unit-test";
		};
		2778E6D82AF25C0400895000 /* CoffeeOrderingAppUITests */ = {
			isa = PBXNativeTarget;
			buildConfigurationList = 2778E6E92AF25C0400895000 /* Build configuration list for PBXNativeTarget "CoffeeOrderingAppUITests" */;
			buildPhases = (
				2778E6D52AF25C0400895000 /* Sources */,
				2778E6D62AF25C0400895000 /* Frameworks */,
				2778E6D72AF25C0400895000 /* Resources */,
			);
			buildRules = (
			);
			dependencies = (
				2778E6DB2AF25C0400895000 /* PBXTargetDependency */,
			);
			name = CoffeeOrderingAppUITests;
			productName = CoffeeOrderingAppUITests;
			productReference = 2778E6D92AF25C0400895000 /* CoffeeOrderingAppUITests.xctest */;
			productType = "com.apple.product-type.bundle.ui-testing";
		};
/* End PBXNativeTarget section */

/* Begin PBXProject section */
		2778E6B72AF25C0100895000 /* Project object */ = {
			isa = PBXProject;
			attributes = {
				BuildIndependentTargetsInParallel = 1;
				LastSwiftUpdateCheck = 1500;
				LastUpgradeCheck = 1500;
				TargetAttributes = {
					2778E6BE2AF25C0100895000 = {
						CreatedOnToolsVersion = 15.0;
					};
					2778E6CE2AF25C0400895000 = {
						CreatedOnToolsVersion = 15.0;
						TestTargetID = 2778E6BE2AF25C0100895000;
					};
					2778E6D82AF25C0400895000 = {
						CreatedOnToolsVersion = 15.0;
						TestTargetID = 2778E6BE2AF25C0100895000;
					};
				};
			};
			buildConfigurationList = 2778E6BA2AF25C0100895000 /* Build configuration list for PBXProject "CoffeeOrderingApp" */;
			compatibilityVersion = "Xcode 14.0";
			developmentRegion = en;
			hasScannedForEncodings = 0;
			knownRegions = (
				en,
				Base,
			);
			mainGroup = 2778E6B62AF25C0100895000;
			productRefGroup = 2778E6C02AF25C0100895000 /* Products */;
			projectDirPath = "";
			projectRoot = "";
			targets = (
				2778E6BE2AF25C0100895000 /* CoffeeOrderingApp */,
				2778E6CE2AF25C0400895000 /* CoffeeOrderingAppTests */,
				2778E6D82AF25C0400895000 /* CoffeeOrderingAppUITests */,
			);
		};
/* End PBXProject section */

/* Begin PBXResourcesBuildPhase section */
		2778E6BD2AF25C0100895000 /* Resources */ = {
			isa = PBXResourcesBuildPhase;
			buildActionMask = 2147483647;
			files = (
				2778E6CA2AF25C0300895000 /* Preview Assets.xcassets in Resources */,
				2778E6F12AF2607B00895000 /* Assets.xcassets in Resources */,
			);
			runOnlyForDeploymentPostprocessing = 0;
		};
		2778E6CD2AF25C0400895000 /* Resources */ = {
			isa = PBXResourcesBuildPhase;
			buildActionMask = 2147483647;
			files = (
			);
			runOnlyForDeploymentPostprocessing = 0;
		};
		2778E6D72AF25C0400895000 /* Resources */ = {
			isa = PBXResourcesBuildPhase;
			buildActionMask = 2147483647;
			files = (
			);
			runOnlyForDeploymentPostprocessing = 0;
		};
/* End PBXResourcesBuildPhase section */

/* Begin PBXSourcesBuildPhase section */
		2778E6BB2AF25C0100895000 /* Sources */ = {
			isa = PBXSourcesBuildPhase;
			buildActionMask = 2147483647;
			files = (
				2778E6C52AF25C0100895000 /* ContentView.swift in Sources */,
				2778E6C32AF25C0100895000 /* CoffeeOrderingAppApp.swift in Sources */,
				2778E7012AF3B4EA00895000 /* CoffeeViewModel.swift in Sources */,
				2778E6F32AF2637200895000 /* Order.swift in Sources */,
				2778E6FD2AF3AD3C00895000 /* CreateOrderResponse.swift in Sources */,
				2778E6FB2AF2C0AF00895000 /* OrderListView.swift in Sources */,
				2778E6F82AF2770100895000 /* OrderListViewModel.swift in Sources */,
				2778E6F52AF266F000895000 /* WebService.swift in Sources */,
				2778E6FF2AF3B1AD00895000 /* AddCoffeeOrderViewModel.swift in Sources */,
				2778E7032AF3BE7700895000 /* AddCoffeeView.swift in Sources */,
				278448DC2AF7F6BD00814E45 /* OrderTotalView.swift in Sources */,
				2778E6EF2AF25DC000895000 /* Coffee.swift in Sources */,
			);
			runOnlyForDeploymentPostprocessing = 0;
		};
		2778E6CB2AF25C0400895000 /* Sources */ = {
			isa = PBXSourcesBuildPhase;
			buildActionMask = 2147483647;
			files = (
				2778E6D42AF25C0400895000 /* CoffeeOrderingAppTests.swift in Sources */,
			);
			runOnlyForDeploymentPostprocessing = 0;
		};
		2778E6D52AF25C0400895000 /* Sources */ = {
			isa = PBXSourcesBuildPhase;
			buildActionMask = 2147483647;
			files = (
				2778E6E02AF25C0400895000 /* CoffeeOrderingAppUITestsLaunchTests.swift in Sources */,
				2778E6DE2AF25C0400895000 /* CoffeeOrderingAppUITests.swift in Sources */,
			);
			runOnlyForDeploymentPostprocessing = 0;
		};
/* End PBXSourcesBuildPhase section */

/* Begin PBXTargetDependency section */
		2778E6D12AF25C0400895000 /* PBXTargetDependency */ = {
			isa = PBXTargetDependency;
			target = 2778E6BE2AF25C0100895000 /* CoffeeOrderingApp */;
			targetProxy = 2778E6D02AF25C0400895000 /* PBXContainerItemProxy */;
		};
		2778E6DB2AF25C0400895000 /* PBXTargetDependency */ = {
			isa = PBXTargetDependency;
			target = 2778E6BE2AF25C0100895000 /* CoffeeOrderingApp */;
			targetProxy = 2778E6DA2AF25C0400895000 /* PBXContainerItemProxy */;
		};
/* End PBXTargetDependency section */

/* Begin XCBuildConfiguration section */
		2778E6E12AF25C0400895000 /* Debug */ = {
			isa = XCBuildConfiguration;
			buildSettings = {
				ALWAYS_SEARCH_USER_PATHS = NO;
				ASSETCATALOG_COMPILER_GENERATE_SWIFT_ASSET_SYMBOL_EXTENSIONS = YES;
				CLANG_ANALYZER_NONNULL = YES;
				CLANG_ANALYZER_NUMBER_OBJECT_CONVERSION = YES_AGGRESSIVE;
				CLANG_CXX_LANGUAGE_STANDARD = "gnu++20";
				CLANG_ENABLE_MODULES = YES;
				CLANG_ENABLE_OBJC_ARC = YES;
				CLANG_ENABLE_OBJC_WEAK = YES;
				CLANG_WARN_BLOCK_CAPTURE_AUTORELEASING = YES;
				CLANG_WARN_BOOL_CONVERSION = YES;
				CLANG_WARN_COMMA = YES;
				CLANG_WARN_CONSTANT_CONVERSION = YES;
				CLANG_WARN_DEPRECATED_OBJC_IMPLEMENTATIONS = YES;
				CLANG_WARN_DIRECT_OBJC_ISA_USAGE = YES_ERROR;
				CLANG_WARN_DOCUMENTATION_COMMENTS = YES;
				CLANG_WARN_EMPTY_BODY = YES;
				CLANG_WARN_ENUM_CONVERSION = YES;
				CLANG_WARN_INFINITE_RECURSION = YES;
				CLANG_WARN_INT_CONVERSION = YES;
				CLANG_WARN_NON_LITERAL_NULL_CONVERSION = YES;
				CLANG_WARN_OBJC_IMPLICIT_RETAIN_SELF = YES;
				CLANG_WARN_OBJC_LITERAL_CONVERSION = YES;
				CLANG_WARN_OBJC_ROOT_CLASS = YES_ERROR;
				CLANG_WARN_QUOTED_INCLUDE_IN_FRAMEWORK_HEADER = YES;
				CLANG_WARN_RANGE_LOOP_ANALYSIS = YES;
				CLANG_WARN_STRICT_PROTOTYPES = YES;
				CLANG_WARN_SUSPICIOUS_MOVE = YES;
				CLANG_WARN_UNGUARDED_AVAILABILITY = YES_AGGRESSIVE;
				CLANG_WARN_UNREACHABLE_CODE = YES;
				CLANG_WARN__DUPLICATE_METHOD_MATCH = YES;
				COPY_PHASE_STRIP = NO;
				DEBUG_INFORMATION_FORMAT = dwarf;
				ENABLE_STRICT_OBJC_MSGSEND = YES;
				ENABLE_TESTABILITY = YES;
				ENABLE_USER_SCRIPT_SANDBOXING = YES;
				GCC_C_LANGUAGE_STANDARD = gnu17;
				GCC_DYNAMIC_NO_PIC = NO;
				GCC_NO_COMMON_BLOCKS = YES;
				GCC_OPTIMIZATION_LEVEL = 0;
				GCC_PREPROCESSOR_DEFINITIONS = (
					"DEBUG=1",
					"$(inherited)",
				);
				GCC_WARN_64_TO_32_BIT_CONVERSION = YES;
				GCC_WARN_ABOUT_RETURN_TYPE = YES_ERROR;
				GCC_WARN_UNDECLARED_SELECTOR = YES;
				GCC_WARN_UNINITIALIZED_AUTOS = YES_AGGRESSIVE;
				GCC_WARN_UNUSED_FUNCTION = YES;
				GCC_WARN_UNUSED_VARIABLE = YES;
				IPHONEOS_DEPLOYMENT_TARGET = 17.0;
				LOCALIZATION_PREFERS_STRING_CATALOGS = YES;
				MTL_ENABLE_DEBUG_INFO = INCLUDE_SOURCE;
				MTL_FAST_MATH = YES;
				ONLY_ACTIVE_ARCH = YES;
				SDKROOT = iphoneos;
				SWIFT_ACTIVE_COMPILATION_CONDITIONS = "DEBUG $(inherited)";
				SWIFT_OPTIMIZATION_LEVEL = "-Onone";
			};
			name = Debug;
		};
		2778E6E22AF25C0400895000 /* Release */ = {
			isa = XCBuildConfiguration;
			buildSettings = {
				ALWAYS_SEARCH_USER_PATHS = NO;
				ASSETCATALOG_COMPILER_GENERATE_SWIFT_ASSET_SYMBOL_EXTENSIONS = YES;
				CLANG_ANALYZER_NONNULL = YES;
				CLANG_ANALYZER_NUMBER_OBJECT_CONVERSION = YES_AGGRESSIVE;
				CLANG_CXX_LANGUAGE_STANDARD = "gnu++20";
				CLANG_ENABLE_MODULES = YES;
				CLANG_ENABLE_OBJC_ARC = YES;
				CLANG_ENABLE_OBJC_WEAK = YES;
				CLANG_WARN_BLOCK_CAPTURE_AUTORELEASING = YES;
				CLANG_WARN_BOOL_CONVERSION = YES;
				CLANG_WARN_COMMA = YES;
				CLANG_WARN_CONSTANT_CONVERSION = YES;
				CLANG_WARN_DEPRECATED_OBJC_IMPLEMENTATIONS = YES;
				CLANG_WARN_DIRECT_OBJC_ISA_USAGE = YES_ERROR;
				CLANG_WARN_DOCUMENTATION_COMMENTS = YES;
				CLANG_WARN_EMPTY_BODY = YES;
				CLANG_WARN_ENUM_CONVERSION = YES;
				CLANG_WARN_INFINITE_RECURSION = YES;
				CLANG_WARN_INT_CONVERSION = YES;
				CLANG_WARN_NON_LITERAL_NULL_CONVERSION = YES;
				CLANG_WARN_OBJC_IMPLICIT_RETAIN_SELF = YES;
				CLANG_WARN_OBJC_LITERAL_CONVERSION = YES;
				CLANG_WARN_OBJC_ROOT_CLASS = YES_ERROR;
				CLANG_WARN_QUOTED_INCLUDE_IN_FRAMEWORK_HEADER = YES;
				CLANG_WARN_RANGE_LOOP_ANALYSIS = YES;
				CLANG_WARN_STRICT_PROTOTYPES = YES;
				CLANG_WARN_SUSPICIOUS_MOVE = YES;
				CLANG_WARN_UNGUARDED_AVAILABILITY = YES_AGGRESSIVE;
				CLANG_WARN_UNREACHABLE_CODE = YES;
				CLANG_WARN__DUPLICATE_METHOD_MATCH = YES;
				COPY_PHASE_STRIP = NO;
				DEBUG_INFORMATION_FORMAT = "dwarf-with-dsym";
				ENABLE_NS_ASSERTIONS = NO;
				ENABLE_STRICT_OBJC_MSGSEND = YES;
				ENABLE_USER_SCRIPT_SANDBOXING = YES;
				GCC_C_LANGUAGE_STANDARD = gnu17;
				GCC_NO_COMMON_BLOCKS = YES;
				GCC_WARN_64_TO_32_BIT_CONVERSION = YES;
				GCC_WARN_ABOUT_RETURN_TYPE = YES_ERROR;
				GCC_WARN_UNDECLARED_SELECTOR = YES;
				GCC_WARN_UNINITIALIZED_AUTOS = YES_AGGRESSIVE;
				GCC_WARN_UNUSED_FUNCTION = YES;
				GCC_WARN_UNUSED_VARIABLE = YES;
				IPHONEOS_DEPLOYMENT_TARGET = 17.0;
				LOCALIZATION_PREFERS_STRING_CATALOGS = YES;
				MTL_ENABLE_DEBUG_INFO = NO;
				MTL_FAST_MATH = YES;
				SDKROOT = iphoneos;
				SWIFT_COMPILATION_MODE = wholemodule;
				VALIDATE_PRODUCT = YES;
			};
			name = Release;
		};
		2778E6E42AF25C0400895000 /* Debug */ = {
			isa = XCBuildConfiguration;
			buildSettings = {
				ASSETCATALOG_COMPILER_APPICON_NAME = AppIcon;
				ASSETCATALOG_COMPILER_GLOBAL_ACCENT_COLOR_NAME = AccentColor;
				CODE_SIGN_STYLE = Automatic;
				CURRENT_PROJECT_VERSION = 1;
				DEVELOPMENT_ASSET_PATHS = "\"CoffeeOrderingApp/Preview Content\"";
				ENABLE_PREVIEWS = YES;
				GENERATE_INFOPLIST_FILE = YES;
				INFOPLIST_KEY_UIApplicationSceneManifest_Generation = YES;
				INFOPLIST_KEY_UIApplicationSupportsIndirectInputEvents = YES;
				INFOPLIST_KEY_UILaunchScreen_Generation = YES;
				INFOPLIST_KEY_UISupportedInterfaceOrientations_iPad = "UIInterfaceOrientationPortrait UIInterfaceOrientationPortraitUpsideDown UIInterfaceOrientationLandscapeLeft UIInterfaceOrientationLandscapeRight";
				INFOPLIST_KEY_UISupportedInterfaceOrientations_iPhone = "UIInterfaceOrientationPortrait UIInterfaceOrientationLandscapeLeft UIInterfaceOrientationLandscapeRight";
				LD_RUNPATH_SEARCH_PATHS = (
					"$(inherited)",
					"@executable_path/Frameworks",
				);
				MARKETING_VERSION = 1.0;
				PRODUCT_BUNDLE_IDENTIFIER = sandeep.CoffeeOrderingApp;
				PRODUCT_NAME = "$(TARGET_NAME)";
				SWIFT_EMIT_LOC_STRINGS = YES;
				SWIFT_VERSION = 5.0;
				TARGETED_DEVICE_FAMILY = "1,2";
			};
			name = Debug;
		};
		2778E6E52AF25C0400895000 /* Release */ = {
			isa = XCBuildConfiguration;
			buildSettings = {
				ASSETCATALOG_COMPILER_APPICON_NAME = AppIcon;
				ASSETCATALOG_COMPILER_GLOBAL_ACCENT_COLOR_NAME = AccentColor;
				CODE_SIGN_STYLE = Automatic;
				CURRENT_PROJECT_VERSION = 1;
				DEVELOPMENT_ASSET_PATHS = "\"CoffeeOrderingApp/Preview Content\"";
				ENABLE_PREVIEWS = YES;
				GENERATE_INFOPLIST_FILE = YES;
				INFOPLIST_KEY_UIApplicationSceneManifest_Generation = YES;
				INFOPLIST_KEY_UIApplicationSupportsIndirectInputEvents = YES;
				INFOPLIST_KEY_UILaunchScreen_Generation = YES;
				INFOPLIST_KEY_UISupportedInterfaceOrientations_iPad = "UIInterfaceOrientationPortrait UIInterfaceOrientationPortraitUpsideDown UIInterfaceOrientationLandscapeLeft UIInterfaceOrientationLandscapeRight";
				INFOPLIST_KEY_UISupportedInterfaceOrientations_iPhone = "UIInterfaceOrientationPortrait UIInterfaceOrientationLandscapeLeft UIInterfaceOrientationLandscapeRight";
				LD_RUNPATH_SEARCH_PATHS = (
					"$(inherited)",
					"@executable_path/Frameworks",
				);
				MARKETING_VERSION = 1.0;
				PRODUCT_BUNDLE_IDENTIFIER = sandeep.CoffeeOrderingApp;
				PRODUCT_NAME = "$(TARGET_NAME)";
				SWIFT_EMIT_LOC_STRINGS = YES;
				SWIFT_VERSION = 5.0;
				TARGETED_DEVICE_FAMILY = "1,2";
			};
			name = Release;
		};
		2778E6E72AF25C0400895000 /* Debug */ = {
			isa = XCBuildConfiguration;
			buildSettings = {
				ALWAYS_EMBED_SWIFT_STANDARD_LIBRARIES = YES;
				BUNDLE_LOADER = "$(TEST_HOST)";
				CODE_SIGN_STYLE = Automatic;
				CURRENT_PROJECT_VERSION = 1;
				GENERATE_INFOPLIST_FILE = YES;
				IPHONEOS_DEPLOYMENT_TARGET = 17.0;
				MARKETING_VERSION = 1.0;
				PRODUCT_BUNDLE_IDENTIFIER = sandeep.CoffeeOrderingAppTests;
				PRODUCT_NAME = "$(TARGET_NAME)";
				SWIFT_EMIT_LOC_STRINGS = NO;
				SWIFT_VERSION = 5.0;
				TARGETED_DEVICE_FAMILY = "1,2";
				TEST_HOST = "$(BUILT_PRODUCTS_DIR)/CoffeeOrderingApp.app/$(BUNDLE_EXECUTABLE_FOLDER_PATH)/CoffeeOrderingApp";
			};
			name = Debug;
		};
		2778E6E82AF25C0400895000 /* Release */ = {
			isa = XCBuildConfiguration;
			buildSettings = {
				ALWAYS_EMBED_SWIFT_STANDARD_LIBRARIES = YES;
				BUNDLE_LOADER = "$(TEST_HOST)";
				CODE_SIGN_STYLE = Automatic;
				CURRENT_PROJECT_VERSION = 1;
				GENERATE_INFOPLIST_FILE = YES;
				IPHONEOS_DEPLOYMENT_TARGET = 17.0;
				MARKETING_VERSION = 1.0;
				PRODUCT_BUNDLE_IDENTIFIER = sandeep.CoffeeOrderingAppTests;
				PRODUCT_NAME = "$(TARGET_NAME)";
				SWIFT_EMIT_LOC_STRINGS = NO;
				SWIFT_VERSION = 5.0;
				TARGETED_DEVICE_FAMILY = "1,2";
				TEST_HOST = "$(BUILT_PRODUCTS_DIR)/CoffeeOrderingApp.app/$(BUNDLE_EXECUTABLE_FOLDER_PATH)/CoffeeOrderingApp";
			};
			name = Release;
		};
		2778E6EA2AF25C0400895000 /* Debug */ = {
			isa = XCBuildConfiguration;
			buildSettings = {
				ALWAYS_EMBED_SWIFT_STANDARD_LIBRARIES = YES;
				CODE_SIGN_STYLE = Automatic;
				CURRENT_PROJECT_VERSION = 1;
				GENERATE_INFOPLIST_FILE = YES;
				MARKETING_VERSION = 1.0;
				PRODUCT_BUNDLE_IDENTIFIER = sandeep.CoffeeOrderingAppUITests;
				PRODUCT_NAME = "$(TARGET_NAME)";
				SWIFT_EMIT_LOC_STRINGS = NO;
				SWIFT_VERSION = 5.0;
				TARGETED_DEVICE_FAMILY = "1,2";
				TEST_TARGET_NAME = CoffeeOrderingApp;
			};
			name = Debug;
		};
		2778E6EB2AF25C0400895000 /* Release */ = {
			isa = XCBuildConfiguration;
			buildSettings = {
				ALWAYS_EMBED_SWIFT_STANDARD_LIBRARIES = YES;
				CODE_SIGN_STYLE = Automatic;
				CURRENT_PROJECT_VERSION = 1;
				GENERATE_INFOPLIST_FILE = YES;
				MARKETING_VERSION = 1.0;
				PRODUCT_BUNDLE_IDENTIFIER = sandeep.CoffeeOrderingAppUITests;
				PRODUCT_NAME = "$(TARGET_NAME)";
				SWIFT_EMIT_LOC_STRINGS = NO;
				SWIFT_VERSION = 5.0;
				TARGETED_DEVICE_FAMILY = "1,2";
				TEST_TARGET_NAME = CoffeeOrderingApp;
			};
			name = Release;
		};
/* End XCBuildConfiguration section */

/* Begin XCConfigurationList section */
		2778E6BA2AF25C0100895000 /* Build configuration list for PBXProject "CoffeeOrderingApp" */ = {
			isa = XCConfigurationList;
			buildConfigurations = (
				2778E6E12AF25C0400895000 /* Debug */,
				2778E6E22AF25C0400895000 /* Release */,
			);
			defaultConfigurationIsVisible = 0;
			defaultConfigurationName = Release;
		};
		2778E6E32AF25C0400895000 /* Build configuration list for PBXNativeTarget "CoffeeOrderingApp" */ = {
			isa = XCConfigurationList;
			buildConfigurations = (
				2778E6E42AF25C0400895000 /* Debug */,
				2778E6E52AF25C0400895000 /* Release */,
			);
			defaultConfigurationIsVisible = 0;
			defaultConfigurationName = Release;
		};
		2778E6E62AF25C0400895000 /* Build configuration list for PBXNativeTarget "CoffeeOrderingAppTests" */ = {
			isa = XCConfigurationList;
			buildConfigurations = (
				2778E6E72AF25C0400895000 /* Debug */,
				2778E6E82AF25C0400895000 /* Release */,
			);
			defaultConfigurationIsVisible = 0;
			defaultConfigurationName = Release;
		};
		2778E6E92AF25C0400895000 /* Build configuration list for PBXNativeTarget "CoffeeOrderingAppUITests" */ = {
			isa = XCConfigurationList;
			buildConfigurations = (
				2778E6EA2AF25C0400895000 /* Debug */,
				2778E6EB2AF25C0400895000 /* Release */,
			);
			defaultConfigurationIsVisible = 0;
			defaultConfigurationName = Release;
		};
/* End XCConfigurationList section */
	};
	rootObject = 2778E6B72AF25C0100895000 /* Project object */;
}
